
Microsoft Visual Studio Solution File, Format Version 12.00
# Visual Studio Version 16
VisualStudioVersion = 16.0.30611.23
MinimumVisualStudioVersion = 10.0.40219.1
Project("{8BC9CEB8-8B4A-11D0-8D11-00A0C91BC942}") = "Lab14_ex1", "Lab14_ex1\Lab14_ex1.vcxproj", "{7805AB88-D624-4582-A57C-586E2D99D779}"
EndProject
Global
	GlobalSection(SolutionConfigurationPlatforms) = preSolution
		Debug|x64 = Debug|x64
		Debug|x86 = Debug|x86
		Release|x64 = Release|x64
		Release|x86 = Release|x86
	EndGlobalSection
	GlobalSection(ProjectConfigurationPlatforms) = postSolution
		{7805AB88-D624-4582-A57C-586E2D99D779}.Debug|x64.ActiveCfg = Debug|x64
		{7805AB88-D624-4582-A57C-586E2D99D779}.Debug|x64.Build.0 = Debug|x64
		{7805AB88-D624-4582-A57C-586E2D99D779}.Debug|x86.ActiveCfg = Debug|Win32
		{7805AB88-D624-4582-A57C-586E2D99D779}.Debug|x86.Build.0 = Debug|Win32
		{7805AB88-D624-4582-A57C-586E2D99D779}.Release|x64.ActiveCfg = Release|x64
		{7805AB88-D624-4582-A57C-586E2D99D779}.Release|x64.Build.0 = Release|x64
		{7805AB88-D624-4582-A57C-586E2D99D779}.Release|x86.ActiveCfg = Release|Win32
		{7805AB88-D624-4582-A57C-586E2D99D779}.Release|x86.Build.0 = Release|Win32
	EndGlobalSection
	GlobalSection(SolutionProperties) = preSolution
		HideSolutionNode = FALSE
	EndGlobalSection
	GlobalSection(ExtensibilityGlobals) = postSolution
		SolutionGuid = {200BC48B-716F-4FC7-9259-E0E50FB61C91}
	EndGlobalSection
EndGlobal
